
Microsoft Visual Studio Solution File, Format Version 12.00
# Visual Studio Express 2012 for Windows Desktop
Project("{F184B08F-C81C-45F6-A57F-5ABD9991F28F}") = "WindowsApplication3", "WindowsApplication3\WindowsApplication3.vbproj", "{C10D4E9C-E40D-4E09-9E7B-58424142116B}"
EndProject
Global
	GlobalSection(SolutionConfigurationPlatforms) = preSolution
		Debug|Any CPU = Debug|Any CPU
		Release|Any CPU = Release|Any CPU
	EndGlobalSection
	GlobalSection(ProjectConfigurationPlatforms) = postSolution
		{C10D4E9C-E40D-4E09-9E7B-58424142116B}.Debug|Any CPU.ActiveCfg = Debug|Any CPU
		{C10D4E9C-E40D-4E09-9E7B-58424142116B}.Debug|Any CPU.Build.0 = Debug|Any CPU
		{C10D4E9C-E40D-4E09-9E7B-58424142116B}.Release|Any CPU.ActiveCfg = Release|Any CPU
		{C10D4E9C-E40D-4E09-9E7B-58424142116B}.Release|Any CPU.Build.0 = Release|Any CPU
	EndGlobalSection
	GlobalSection(SolutionProperties) = preSolution
		HideSolutionNode = FALSE
	EndGlobalSection
EndGlobal
